
Microsoft Visual Studio Solution File, Format Version 12.00
# Visual Studio Version 17
VisualStudioVersion = 17.11.35208.52
MinimumVisualStudioVersion = 10.0.40219.1
Project("{FAE04EC0-301F-11D3-BF4B-00C04F79EFBC}") = "DemoApis", "DemoApis\DemoApis.csproj", "{8C6C8E09-66FB-460F-BDBB-09ECD2BE115F}"
EndProject
Project("{FAE04EC0-301F-11D3-BF4B-00C04F79EFBC}") = "Core", "Core\Core.csproj", "{DE98F1F1-EE17-41A7-B9B6-300CE641207F}"
EndProject
Project("{FAE04EC0-301F-11D3-BF4B-00C04F79EFBC}") = "Infrastrucure", "Infrastrucure\Infrastrucure.csproj", "{EE0B5EF7-3DBB-4A60-A6D2-34781C54C318}"
EndProject
Project("{FAE04EC0-301F-11D3-BF4B-00C04F79EFBC}") = "Domain", "Domain\Domain.csproj", "{3A3F46B5-8DA7-491B-86A6-2F8C5447E1E3}"
EndProject
Global
	GlobalSection(SolutionConfigurationPlatforms) = preSolution
		Debug|Any CPU = Debug|Any CPU
		Release|Any CPU = Release|Any CPU
	EndGlobalSection
	GlobalSection(ProjectConfigurationPlatforms) = postSolution
		{8C6C8E09-66FB-460F-BDBB-09ECD2BE115F}.Debug|Any CPU.ActiveCfg = Debug|Any CPU
		{8C6C8E09-66FB-460F-BDBB-09ECD2BE115F}.Debug|Any CPU.Build.0 = Debug|Any CPU
		{8C6C8E09-66FB-460F-BDBB-09ECD2BE115F}.Release|Any CPU.ActiveCfg = Release|Any CPU
		{8C6C8E09-66FB-460F-BDBB-09ECD2BE115F}.Release|Any CPU.Build.0 = Release|Any CPU
		{DE98F1F1-EE17-41A7-B9B6-300CE641207F}.Debug|Any CPU.ActiveCfg = Debug|Any CPU
		{DE98F1F1-EE17-41A7-B9B6-300CE641207F}.Debug|Any CPU.Build.0 = Debug|Any CPU
		{DE98F1F1-EE17-41A7-B9B6-300CE641207F}.Release|Any CPU.ActiveCfg = Release|Any CPU
		{DE98F1F1-EE17-41A7-B9B6-300CE641207F}.Release|Any CPU.Build.0 = Release|Any CPU
		{EE0B5EF7-3DBB-4A60-A6D2-34781C54C318}.Debug|Any CPU.ActiveCfg = Debug|Any CPU
		{EE0B5EF7-3DBB-4A60-A6D2-34781C54C318}.Debug|Any CPU.Build.0 = Debug|Any CPU
		{EE0B5EF7-3DBB-4A60-A6D2-34781C54C318}.Release|Any CPU.ActiveCfg = Release|Any CPU
		{EE0B5EF7-3DBB-4A60-A6D2-34781C54C318}.Release|Any CPU.Build.0 = Release|Any CPU
		{3A3F46B5-8DA7-491B-86A6-2F8C5447E1E3}.Debug|Any CPU.ActiveCfg = Debug|Any CPU
		{3A3F46B5-8DA7-491B-86A6-2F8C5447E1E3}.Debug|Any CPU.Build.0 = Debug|Any CPU
		{3A3F46B5-8DA7-491B-86A6-2F8C5447E1E3}.Release|Any CPU.ActiveCfg = Release|Any CPU
		{3A3F46B5-8DA7-491B-86A6-2F8C5447E1E3}.Release|Any CPU.Build.0 = Release|Any CPU
	EndGlobalSection
	GlobalSection(SolutionProperties) = preSolution
		HideSolutionNode = FALSE
	EndGlobalSection
	GlobalSection(ExtensibilityGlobals) = postSolution
		SolutionGuid = {ACB96607-971B-41A3-84AA-D4ABE754200E}
	EndGlobalSection
EndGlobal
